
Microsoft Visual Studio Solution File, Format Version 12.00
# Visual Studio Version 16
VisualStudioVersion = 16.0.29519.181
MinimumVisualStudioVersion = 10.0.40219.1
Project("{9A19103F-16F7-4668-BE54-9A1E7A4F7556}") = "WS.Service", "WS.Service\WS.Service.csproj", "{58D0D958-FD02-4CF4-A891-13F586642B01}"
EndProject
Project("{9A19103F-16F7-4668-BE54-9A1E7A4F7556}") = "WS.DTO", "WS.DTO\WS.DTO.csproj", "{936A1DFC-DD0B-4641-BC08-2026483CEBF5}"
EndProject
Project("{9A19103F-16F7-4668-BE54-9A1E7A4F7556}") = "WS.DAL", "WS.DAL\WS.DAL.csproj", "{BB0A10CF-C5CF-4893-809F-44895D074CC1}"
EndProject
Project("{9A19103F-16F7-4668-BE54-9A1E7A4F7556}") = "UnitTestProject1", "UnitTestProject1\UnitTestProject1.csproj", "{95543971-7563-42B1-951B-947BC854597C}"
EndProject
Project("{9A19103F-16F7-4668-BE54-9A1E7A4F7556}") = "WebApplication1", "WebApplication1\WebApplication1.csproj", "{EB84489C-AFB9-4D62-A1D9-F2C35D7C387E}"
EndProject
Project("{2150E333-8FDC-42A3-9474-1A3956D46DE8}") = "Solution Items", "Solution Items", "{3AA5C0F6-4252-4FE7-A727-05BF0E1BF4C8}"
	ProjectSection(SolutionItems) = preProject
		README.md = README.md
	EndProjectSection
EndProject
Global
	GlobalSection(SolutionConfigurationPlatforms) = preSolution
		Debug|Any CPU = Debug|Any CPU
		Release|Any CPU = Release|Any CPU
	EndGlobalSection
	GlobalSection(ProjectConfigurationPlatforms) = postSolution
		{58D0D958-FD02-4CF4-A891-13F586642B01}.Debug|Any CPU.ActiveCfg = Debug|Any CPU
		{58D0D958-FD02-4CF4-A891-13F586642B01}.Debug|Any CPU.Build.0 = Debug|Any CPU
		{58D0D958-FD02-4CF4-A891-13F586642B01}.Release|Any CPU.ActiveCfg = Release|Any CPU
		{58D0D958-FD02-4CF4-A891-13F586642B01}.Release|Any CPU.Build.0 = Release|Any CPU
		{936A1DFC-DD0B-4641-BC08-2026483CEBF5}.Debug|Any CPU.ActiveCfg = Debug|Any CPU
		{936A1DFC-DD0B-4641-BC08-2026483CEBF5}.Debug|Any CPU.Build.0 = Debug|Any CPU
		{936A1DFC-DD0B-4641-BC08-2026483CEBF5}.Release|Any CPU.ActiveCfg = Release|Any CPU
		{936A1DFC-DD0B-4641-BC08-2026483CEBF5}.Release|Any CPU.Build.0 = Release|Any CPU
		{BB0A10CF-C5CF-4893-809F-44895D074CC1}.Debug|Any CPU.ActiveCfg = Debug|Any CPU
		{BB0A10CF-C5CF-4893-809F-44895D074CC1}.Debug|Any CPU.Build.0 = Debug|Any CPU
		{BB0A10CF-C5CF-4893-809F-44895D074CC1}.Release|Any CPU.ActiveCfg = Release|Any CPU
		{BB0A10CF-C5CF-4893-809F-44895D074CC1}.Release|Any CPU.Build.0 = Release|Any CPU
		{95543971-7563-42B1-951B-947BC854597C}.Debug|Any CPU.ActiveCfg = Debug|Any CPU
		{95543971-7563-42B1-951B-947BC854597C}.Debug|Any CPU.Build.0 = Debug|Any CPU
		{95543971-7563-42B1-951B-947BC854597C}.Release|Any CPU.ActiveCfg = Release|Any CPU
		{95543971-7563-42B1-951B-947BC854597C}.Release|Any CPU.Build.0 = Release|Any CPU
		{EB84489C-AFB9-4D62-A1D9-F2C35D7C387E}.Debug|Any CPU.ActiveCfg = Debug|Any CPU
		{EB84489C-AFB9-4D62-A1D9-F2C35D7C387E}.Debug|Any CPU.Build.0 = Debug|Any CPU
		{EB84489C-AFB9-4D62-A1D9-F2C35D7C387E}.Release|Any CPU.ActiveCfg = Release|Any CPU
		{EB84489C-AFB9-4D62-A1D9-F2C35D7C387E}.Release|Any CPU.Build.0 = Release|Any CPU
	EndGlobalSection
	GlobalSection(SolutionProperties) = preSolution
		HideSolutionNode = FALSE
	EndGlobalSection
	GlobalSection(ExtensibilityGlobals) = postSolution
		SolutionGuid = {2F55B012-B47D-4BB2-9ED9-9C3E01FC2EE1}
	EndGlobalSection
EndGlobal
